// !$*UTF8*$!
{
	archiveVersion = 1;
	classes = {
	};
	objectVersion = 46;
	objects = {

/* Begin PBXBuildFile section */
		1332358A1D642EAD00C46CBD /* Pokemon.ttf in Resources */ = {isa = PBXBuildFile; fileRef = 133235891D642EAD00C46CBD /* Pokemon.ttf */; };
		1332358C1D642F9700C46CBD /* music.mp3 in Resources */ = {isa = PBXBuildFile; fileRef = 1332358B1D642F9700C46CBD /* music.mp3 */; };
		1332358E1D64468600C46CBD /* PokemonDetailVC.swift in Sources */ = {isa = PBXBuildFile; fileRef = 1332358D1D64468600C46CBD /* PokemonDetailVC.swift */; };
		13C9DB431D62D8AD009805ED /* AppDelegate.swift in Sources */ = {isa = PBXBuildFile; fileRef = 13C9DB421D62D8AD009805ED /* AppDelegate.swift */; };
		13C9DB451D62D8AD009805ED /* ViewController.swift in Sources */ = {isa = PBXBuildFile; fileRef = 13C9DB441D62D8AD009805ED /* ViewController.swift */; };
		13C9DB481D62D8AD009805ED /* Main.storyboard in Resources */ = {isa = PBXBuildFile; fileRef = 13C9DB461D62D8AD009805ED /* Main.storyboard */; };
		13C9DB4A1D62D8AE009805ED /* Assets.xcassets in Resources */ = {isa = PBXBuildFile; fileRef = 13C9DB491D62D8AE009805ED /* Assets.xcassets */; };
		13C9DB4D1D62D8AE009805ED /* LaunchScreen.storyboard in Resources */ = {isa = PBXBuildFile; fileRef = 13C9DB4B1D62D8AE009805ED /* LaunchScreen.storyboard */; };
		13C9DB551D62EF7C009805ED /* pokemon.csv in Resources */ = {isa = PBXBuildFile; fileRef = 13C9DB541D62EF7C009805ED /* pokemon.csv */; };
		13C9DB581D62F2F8009805ED /* Pokemon.swift in Sources */ = {isa = PBXBuildFile; fileRef = 13C9DB571D62F2F8009805ED /* Pokemon.swift */; };
		13C9DB5C1D62FE24009805ED /* PokeCell.swift in Sources */ = {isa = PBXBuildFile; fileRef = 13C9DB5B1D62FE24009805ED /* PokeCell.swift */; };
		13C9DB5E1D631BC2009805ED /* csv.swift in Sources */ = {isa = PBXBuildFile; fileRef = 13C9DB5D1D631BC2009805ED /* csv.swift */; };
		13F6C4D61D6587A1008A1783 /* Constants.swift in Sources */ = {isa = PBXBuildFile; fileRef = 13F6C4D51D6587A1008A1783 /* Constants.swift */; };
		34F898F953CDB035378A119D /* Pods_pokedox.framework in Frameworks */ = {isa = PBXBuildFile; fileRef = AA7F74D2266048AB286381FF /* Pods_pokedox.framework */; };
/* End PBXBuildFile section */

/* Begin PBXFileReference section */
		133235891D642EAD00C46CBD /* Pokemon.ttf */ = {isa = PBXFileReference; lastKnownFileType = file; path = Pokemon.ttf; sourceTree = "<group>"; };
		1332358B1D642F9700C46CBD /* music.mp3 */ = {isa = PBXFileReference; lastKnownFileType = audio.mp3; path = music.mp3; sourceTree = "<group>"; };
		1332358D1D64468600C46CBD /* PokemonDetailVC.swift */ = {isa = PBXFileReference; fileEncoding = 4; lastKnownFileType = sourcecode.swift; path = PokemonDetailVC.swift; sourceTree = "<group>"; };
		13C9DB3F1D62D8AD009805ED /* pokedox.app */ = {isa = PBXFileReference; explicitFileType = wrapper.application; includeInIndex = 0; path = pokedox.app; sourceTree = BUILT_PRODUCTS_DIR; };
		13C9DB421D62D8AD009805ED /* AppDelegate.swift */ = {isa = PBXFileReference; lastKnownFileType = sourcecode.swift; path = AppDelegate.swift; sourceTree = "<group>"; };
		13C9DB441D62D8AD009805ED /* ViewController.swift */ = {isa = PBXFileReference; lastKnownFileType = sourcecode.swift; path = ViewController.swift; sourceTree = "<group>"; };
		13C9DB471D62D8AD009805ED /* Base */ = {isa = PBXFileReference; lastKnownFileType = file.storyboard; name = Base; path = Base.lproj/Main.storyboard; sourceTree = "<group>"; };
		13C9DB491D62D8AE009805ED /* Assets.xcassets */ = {isa = PBXFileReference; lastKnownFileType = folder.assetcatalog; path = Assets.xcassets; sourceTree = "<group>"; };
		13C9DB4C1D62D8AE009805ED /* Base */ = {isa = PBXFileReference; lastKnownFileType = file.storyboard; name = Base; path = Base.lproj/LaunchScreen.storyboard; sourceTree = "<group>"; };
		13C9DB4E1D62D8AE009805ED /* Info.plist */ = {isa = PBXFileReference; lastKnownFileType = text.plist.xml; path = Info.plist; sourceTree = "<group>"; };
		13C9DB541D62EF7C009805ED /* pokemon.csv */ = {isa = PBXFileReference; fileEncoding = 4; lastKnownFileType = text; path = pokemon.csv; sourceTree = "<group>"; };
		13C9DB571D62F2F8009805ED /* Pokemon.swift */ = {isa = PBXFileReference; fileEncoding = 4; lastKnownFileType = sourcecode.swift; path = Pokemon.swift; sourceTree = "<group>"; };
		13C9DB5B1D62FE24009805ED /* PokeCell.swift */ = {isa = PBXFileReference; fileEncoding = 4; lastKnownFileType = sourcecode.swift; path = PokeCell.swift; sourceTree = "<group>"; };
		13C9DB5D1D631BC2009805ED /* csv.swift */ = {isa = PBXFileReference; fileEncoding = 4; lastKnownFileType = sourcecode.swift; path = csv.swift; sourceTree = "<group>"; };
		13F6C4D51D6587A1008A1783 /* Constants.swift */ = {isa = PBXFileReference; fileEncoding = 4; lastKnownFileType = sourcecode.swift; path = Constants.swift; sourceTree = "<group>"; };
		7CD3A98194D7B2B225B75467 /* Pods-pokedox.release.xcconfig */ = {isa = PBXFileReference; includeInIndex = 1; lastKnownFileType = text.xcconfig; name = "Pods-pokedox.release.xcconfig"; path = "Pods/Target Support Files/Pods-pokedox/Pods-pokedox.release.xcconfig"; sourceTree = "<group>"; };
		AA7F74D2266048AB286381FF /* Pods_pokedox.framework */ = {isa = PBXFileReference; explicitFileType = wrapper.framework; includeInIndex = 0; path = Pods_pokedox.framework; sourceTree = BUILT_PRODUCTS_DIR; };
		B7CDDF99CAC0399F5FD6A3DA /* Pods-pokedox.debug.xcconfig */ = {isa = PBXFileReference; includeInIndex = 1; lastKnownFileType = text.xcconfig; name = "Pods-pokedox.debug.xcconfig"; path = "Pods/Target Support Files/Pods-pokedox/Pods-pokedox.debug.xcconfig"; sourceTree = "<group>"; };
/* End PBXFileReference section */

/* Begin PBXFrameworksBuildPhase section */
		13C9DB3C1D62D8AC009805ED /* Frameworks */ = {
			isa = PBXFrameworksBuildPhase;
			buildActionMask = 2147483647;
			files = (
				34F898F953CDB035378A119D /* Pods_pokedox.framework in Frameworks */,
			);
			runOnlyForDeploymentPostprocessing = 0;
		};
/* End PBXFrameworksBuildPhase section */

/* Begin PBXGroup section */
		13C9DB361D62D8AC009805ED = {
			isa = PBXGroup;
			children = (
				13C9DB411D62D8AD009805ED /* pokedox */,
				13C9DB401D62D8AD009805ED /* Products */,
				CFFCCFC84303B0818AABA7EB /* Pods */,
				8F97FDE139B223973F43B5CD /* Frameworks */,
			);
			sourceTree = "<group>";
		};
		13C9DB401D62D8AD009805ED /* Products */ = {
			isa = PBXGroup;
			children = (
				13C9DB3F1D62D8AD009805ED /* pokedox.app */,
			);
			name = Products;
			sourceTree = "<group>";
		};
		13C9DB411D62D8AD009805ED /* pokedox */ = {
			isa = PBXGroup;
			children = (
				13C9DB561D62F2E2009805ED /* Model */,
				13C9DB591D62FDF2009805ED /* View */,
				13C9DB5A1D62FE00009805ED /* Controller */,
				13C9DB5F1D631BD9009805ED /* Utils */,
				13C9DB601D631BF3009805ED /* Resources */,
				13C9DB421D62D8AD009805ED /* AppDelegate.swift */,
				13C9DB461D62D8AD009805ED /* Main.storyboard */,
				13C9DB491D62D8AE009805ED /* Assets.xcassets */,
				13C9DB4B1D62D8AE009805ED /* LaunchScreen.storyboard */,
				13C9DB4E1D62D8AE009805ED /* Info.plist */,
			);
			path = pokedox;
			sourceTree = "<group>";
		};
		13C9DB561D62F2E2009805ED /* Model */ = {
			isa = PBXGroup;
			children = (
				13C9DB571D62F2F8009805ED /* Pokemon.swift */,
			);
			name = Model;
			sourceTree = "<group>";
		};
		13C9DB591D62FDF2009805ED /* View */ = {
			isa = PBXGroup;
			children = (
				13C9DB5B1D62FE24009805ED /* PokeCell.swift */,
			);
			name = View;
			sourceTree = "<group>";
		};
		13C9DB5A1D62FE00009805ED /* Controller */ = {
			isa = PBXGroup;
			children = (
				13C9DB441D62D8AD009805ED /* ViewController.swift */,
				1332358D1D64468600C46CBD /* PokemonDetailVC.swift */,
			);
			name = Controller;
			sourceTree = "<group>";
		};
		13C9DB5F1D631BD9009805ED /* Utils */ = {
			isa = PBXGroup;
			children = (
				13C9DB5D1D631BC2009805ED /* csv.swift */,
				13F6C4D51D6587A1008A1783 /* Constants.swift */,
			);
			name = Utils;
			sourceTree = "<group>";
		};
		13C9DB601D631BF3009805ED /* Resources */ = {
			isa = PBXGroup;
			children = (
				1332358B1D642F9700C46CBD /* music.mp3 */,
				133235891D642EAD00C46CBD /* Pokemon.ttf */,
				13C9DB541D62EF7C009805ED /* pokemon.csv */,
			);
			name = Resources;
			sourceTree = "<group>";
		};
		8F97FDE139B223973F43B5CD /* Frameworks */ = {
			isa = PBXGroup;
			children = (
				AA7F74D2266048AB286381FF /* Pods_pokedox.framework */,
			);
			name = Frameworks;
			sourceTree = "<group>";
		};
		CFFCCFC84303B0818AABA7EB /* Pods */ = {
			isa = PBXGroup;
			children = (
				B7CDDF99CAC0399F5FD6A3DA /* Pods-pokedox.debug.xcconfig */,
				7CD3A98194D7B2B225B75467 /* Pods-pokedox.release.xcconfig */,
			);
			name = Pods;
			sourceTree = "<group>";
		};
/* End PBXGroup section */

/* Begin PBXNativeTarget section */
		13C9DB3E1D62D8AC009805ED /* pokedox */ = {
			isa = PBXNativeTarget;
			buildConfigurationList = 13C9DB511D62D8AE009805ED /* Build configuration list for PBXNativeTarget "pokedox" */;
			buildPhases = (
				8A9D0FFB75C0BB2B34438AB5 /* [CP] Check Pods Manifest.lock */,
				13C9DB3B1D62D8AC009805ED /* Sources */,
				13C9DB3C1D62D8AC009805ED /* Frameworks */,
				13C9DB3D1D62D8AC009805ED /* Resources */,
				27BDA0831D364F5A26FE5345 /* [CP] Embed Pods Frameworks */,
				DD590F66EEEF3DACF7D86DB8 /* [CP] Copy Pods Resources */,
			);
			buildRules = (
			);
			dependencies = (
			);
			name = pokedox;
			productName = pokedox;
			productReference = 13C9DB3F1D62D8AD009805ED /* pokedox.app */;
			productType = "com.apple.product-type.application";
		};
/* End PBXNativeTarget section */

/* Begin PBXProject section */
		13C9DB371D62D8AC009805ED /* Project object */ = {
			isa = PBXProject;
			attributes = {
				LastSwiftUpdateCheck = 0730;
				LastUpgradeCheck = 0730;
				ORGANIZATIONNAME = "Manish Gehani";
				TargetAttributes = {
					13C9DB3E1D62D8AC009805ED = {
						CreatedOnToolsVersion = 7.3.1;
						DevelopmentTeam = 78G266KH44;
					};
				};
			};
			buildConfigurationList = 13C9DB3A1D62D8AC009805ED /* Build configuration list for PBXProject "pokedox" */;
			compatibilityVersion = "Xcode 3.2";
			developmentRegion = English;
			hasScannedForEncodings = 0;
			knownRegions = (
				en,
				Base,
			);
			mainGroup = 13C9DB361D62D8AC009805ED;
			productRefGroup = 13C9DB401D62D8AD009805ED /* Products */;
			projectDirPath = "";
			projectRoot = "";
			targets = (
				13C9DB3E1D62D8AC009805ED /* pokedox */,
			);
		};
/* End PBXProject section */

/* Begin PBXResourcesBuildPhase section */
		13C9DB3D1D62D8AC009805ED /* Resources */ = {
			isa = PBXResourcesBuildPhase;
			buildActionMask = 2147483647;
			files = (
				13C9DB4D1D62D8AE009805ED /* LaunchScreen.storyboard in Resources */,
				1332358A1D642EAD00C46CBD /* Pokemon.ttf in Resources */,
				1332358C1D642F9700C46CBD /* music.mp3 in Resources */,
				13C9DB4A1D62D8AE009805ED /* Assets.xcassets in Resources */,
				13C9DB551D62EF7C009805ED /* pokemon.csv in Resources */,
				13C9DB481D62D8AD009805ED /* Main.storyboard in Resources */,
			);
			runOnlyForDeploymentPostprocessing = 0;
		};
/* End PBXResourcesBuildPhase section */

/* Begin PBXShellScriptBuildPhase section */
		27BDA0831D364F5A26FE5345 /* [CP] Embed Pods Frameworks */ = {
			isa = PBXShellScriptBuildPhase;
			buildActionMask = 2147483647;
			files = (
			);
			inputPaths = (
			);
			name = "[CP] Embed Pods Frameworks";
			outputPaths = (
			);
			runOnlyForDeploymentPostprocessing = 0;
			shellPath = /bin/sh;
			shellScript = "\"${SRCROOT}/Pods/Target Support Files/Pods-pokedox/Pods-pokedox-frameworks.sh\"\n";
			showEnvVarsInLog = 0;
		};
		8A9D0FFB75C0BB2B34438AB5 /* [CP] Check Pods Manifest.lock */ = {
			isa = PBXShellScriptBuildPhase;
			buildActionMask = 2147483647;
			files = (
			);
			inputPaths = (
			);
			name = "[CP] Check Pods Manifest.lock";
			outputPaths = (
			);
			runOnlyForDeploymentPostprocessing = 0;
			shellPath = /bin/sh;
			shellScript = "diff \"${PODS_ROOT}/../Podfile.lock\" \"${PODS_ROOT}/Manifest.lock\" > /dev/null\nif [[ $? != 0 ]] ; then\n    cat << EOM\nerror: The sandbox is not in sync with the Podfile.lock. Run 'pod install' or update your CocoaPods installation.\nEOM\n    exit 1\nfi\n";
			showEnvVarsInLog = 0;
		};
		DD590F66EEEF3DACF7D86DB8 /* [CP] Copy Pods Resources */ = {
			isa = PBXShellScriptBuildPhase;
			buildActionMask = 2147483647;
			files = (
			);
			inputPaths = (
			);
			name = "[CP] Copy Pods Resources";
			outputPaths = (
			);
			runOnlyForDeploymentPostprocessing = 0;
			shellPath = /bin/sh;
			shellScript = "\"${SRCROOT}/Pods/Target Support Files/Pods-pokedox/Pods-pokedox-resources.sh\"\n";
			showEnvVarsInLog = 0;
		};
/* End PBXShellScriptBuildPhase section */

/* Begin PBXSourcesBuildPhase section */
		13C9DB3B1D62D8AC009805ED /* Sources */ = {
			isa = PBXSourcesBuildPhase;
			buildActionMask = 2147483647;
			files = (
				13C9DB5C1D62FE24009805ED /* PokeCell.swift in Sources */,
				13C9DB451D62D8AD009805ED /* ViewController.swift in Sources */,
				13C9DB431D62D8AD009805ED /* AppDelegate.swift in Sources */,
				1332358E1D64468600C46CBD /* PokemonDetailVC.swift in Sources */,
				13F6C4D61D6587A1008A1783 /* Constants.swift in Sources */,
				13C9DB581D62F2F8009805ED /* Pokemon.swift in Sources */,
				13C9DB5E1D631BC2009805ED /* csv.swift in Sources */,
			);
			runOnlyForDeploymentPostprocessing = 0;
		};
/* End PBXSourcesBuildPhase section */

/* Begin PBXVariantGroup section */
		13C9DB461D62D8AD009805ED /* Main.storyboard */ = {
			isa = PBXVariantGroup;
			children = (
				13C9DB471D62D8AD009805ED /* Base */,
			);
			name = Main.storyboard;
			sourceTree = "<group>";
		};
		13C9DB4B1D62D8AE009805ED /* LaunchScreen.storyboard */ = {
			isa = PBXVariantGroup;
			children = (
				13C9DB4C1D62D8AE009805ED /* Base */,
			);
			name = LaunchScreen.storyboard;
			sourceTree = "<group>";
		};
/* End PBXVariantGroup section */

/* Begin XCBuildConfiguration section */
		13C9DB4F1D62D8AE009805ED /* Debug */ = {
			isa = XCBuildConfiguration;
			buildSettings = {
				ALWAYS_SEARCH_USER_PATHS = NO;
				CLANG_ANALYZER_NONNULL = YES;
				CLANG_CXX_LANGUAGE_STANDARD = "gnu++0x";
				CLANG_CXX_LIBRARY = "libc++";
				CLANG_ENABLE_MODULES = YES;
				CLANG_ENABLE_OBJC_ARC = YES;
				CLANG_WARN_BOOL_CONVERSION = YES;
				CLANG_WARN_CONSTANT_CONVERSION = YES;
				CLANG_WARN_DIRECT_OBJC_ISA_USAGE = YES_ERROR;
				CLANG_WARN_EMPTY_BODY = YES;
				CLANG_WARN_ENUM_CONVERSION = YES;
				CLANG_WARN_INT_CONVERSION = YES;
				CLANG_WARN_OBJC_ROOT_CLASS = YES_ERROR;
				CLANG_WARN_UNREACHABLE_CODE = YES;
				CLANG_WARN__DUPLICATE_METHOD_MATCH = YES;
				"CODE_SIGN_IDENTITY[sdk=iphoneos*]" = "iPhone Developer";
				COPY_PHASE_STRIP = NO;
				DEBUG_INFORMATION_FORMAT = dwarf;
				ENABLE_STRICT_OBJC_MSGSEND = YES;
				ENABLE_TESTABILITY = YES;
				GCC_C_LANGUAGE_STANDARD = gnu99;
				GCC_DYNAMIC_NO_PIC = NO;
				GCC_NO_COMMON_BLOCKS = YES;
				GCC_OPTIMIZATION_LEVEL = 0;
				GCC_PREPROCESSOR_DEFINITIONS = (
					"DEBUG=1",
					"$(inherited)",
				);
				GCC_WARN_64_TO_32_BIT_CONVERSION = YES;
				GCC_WARN_ABOUT_RETURN_TYPE = YES_ERROR;
				GCC_WARN_UNDECLARED_SELECTOR = YES;
				GCC_WARN_UNINITIALIZED_AUTOS = YES_AGGRESSIVE;
				GCC_WARN_UNUSED_FUNCTION = YES;
				GCC_WARN_UNUSED_VARIABLE = YES;
				IPHONEOS_DEPLOYMENT_TARGET = 9.3;
				MTL_ENABLE_DEBUG_INFO = YES;
				ONLY_ACTIVE_ARCH = YES;
				SDKROOT = iphoneos;
				SWIFT_OPTIMIZATION_LEVEL = "-Onone";
				TARGETED_DEVICE_FAMILY = "1,2";
			};
			name = Debug;
		};
		13C9DB501D62D8AE009805ED /* Release */ = {
			isa = XCBuildConfiguration;
			buildSettings = {
				ALWAYS_SEARCH_USER_PATHS = NO;
				CLANG_ANALYZER_NONNULL = YES;
				CLANG_CXX_LANGUAGE_STANDARD = "gnu++0x";
				CLANG_CXX_LIBRARY = "libc++";
				CLANG_ENABLE_MODULES = YES;
				CLANG_ENABLE_OBJC_ARC = YES;
				CLANG_WARN_BOOL_CONVERSION = YES;
				CLANG_WARN_CONSTANT_CONVERSION = YES;
				CLANG_WARN_DIRECT_OBJC_ISA_USAGE = YES_ERROR;
				CLANG_WARN_EMPTY_BODY = YES;
				CLANG_WARN_ENUM_CONVERSION = YES;
				CLANG_WARN_INT_CONVERSION = YES;
				CLANG_WARN_OBJC_ROOT_CLASS = YES_ERROR;
				CLANG_WARN_UNREACHABLE_CODE = YES;
				CLANG_WARN__DUPLICATE_METHOD_MATCH = YES;
				"CODE_SIGN_IDENTITY[sdk=iphoneos*]" = "iPhone Developer";
				COPY_PHASE_STRIP = NO;
				DEBUG_INFORMATION_FORMAT = "dwarf-with-dsym";
				ENABLE_NS_ASSERTIONS = NO;
				ENABLE_STRICT_OBJC_MSGSEND = YES;
				GCC_C_LANGUAGE_STANDARD = gnu99;
				GCC_NO_COMMON_BLOCKS = YES;
				GCC_WARN_64_TO_32_BIT_CONVERSION = YES;
				GCC_WARN_ABOUT_RETURN_TYPE = YES_ERROR;
				GCC_WARN_UNDECLARED_SELECTOR = YES;
				GCC_WARN_UNINITIALIZED_AUTOS = YES_AGGRESSIVE;
				GCC_WARN_UNUSED_FUNCTION = YES;
				GCC_WARN_UNUSED_VARIABLE = YES;
				IPHONEOS_DEPLOYMENT_TARGET = 9.3;
				MTL_ENABLE_DEBUG_INFO = NO;
				SDKROOT = iphoneos;
				TARGETED_DEVICE_FAMILY = "1,2";
				VALIDATE_PRODUCT = YES;
			};
			name = Release;
		};
		13C9DB521D62D8AE009805ED /* Debug */ = {
			isa = XCBuildConfiguration;
			baseConfigurationReference = B7CDDF99CAC0399F5FD6A3DA /* Pods-pokedox.debug.xcconfig */;
			buildSettings = {
				ASSETCATALOG_COMPILER_APPICON_NAME = AppIcon;
				INFOPLIST_FILE = pokedox/Info.plist;
				LD_RUNPATH_SEARCH_PATHS = "$(inherited) @executable_path/Frameworks";
				PRODUCT_BUNDLE_IDENTIFIER = com.manishgehani.pokedox;
				PRODUCT_NAME = "$(TARGET_NAME)";
			};
			name = Debug;
		};
		13C9DB531D62D8AE009805ED /* Release */ = {
			isa = XCBuildConfiguration;
			baseConfigurationReference = 7CD3A98194D7B2B225B75467 /* Pods-pokedox.release.xcconfig */;
			buildSettings = {
				ASSETCATALOG_COMPILER_APPICON_NAME = AppIcon;
				INFOPLIST_FILE = pokedox/Info.plist;
				LD_RUNPATH_SEARCH_PATHS = "$(inherited) @executable_path/Frameworks";
				PRODUCT_BUNDLE_IDENTIFIER = com.manishgehani.pokedox;
				PRODUCT_NAME = "$(TARGET_NAME)";
			};
			name = Release;
		};
/* End XCBuildConfiguration section */

/* Begin XCConfigurationList section */
		13C9DB3A1D62D8AC009805ED /* Build configuration list for PBXProject "pokedox" */ = {
			isa = XCConfigurationList;
			buildConfigurations = (
				13C9DB4F1D62D8AE009805ED /* Debug */,
				13C9DB501D62D8AE009805ED /* Release */,
			);
			defaultConfigurationIsVisible = 0;
			defaultConfigurationName = Release;
		};
		13C9DB511D62D8AE009805ED /* Build configuration list for PBXNativeTarget "pokedox" */ = {
			isa = XCConfigurationList;
			buildConfigurations = (
				13C9DB521D62D8AE009805ED /* Debug */,
				13C9DB531D62D8AE009805ED /* Release */,
			);
			defaultConfigurationIsVisible = 0;
			defaultConfigurationName = Release;
		};
/* End XCConfigurationList section */
	};
	rootObject = 13C9DB371D62D8AC009805ED /* Project object */;
}
